// !$*UTF8*$!
{
	archiveVersion = 1;
	classes = {
	};
	objectVersion = 46;
	objects = {

/* Begin PBXBuildFile section */
		3859F40619A6702900AA902A /* AppDelegate.swift in Sources */ = {isa = PBXBuildFile; fileRef = 3859F40519A6702900AA902A /* AppDelegate.swift */; };
		3859F40919A6702900AA902A /* B19W5BeaconProject.xcdatamodeld in Sources */ = {isa = PBXBuildFile; fileRef = 3859F40719A6702900AA902A /* B19W5BeaconProject.xcdatamodeld */; };
		3859F40B19A6702900AA902A /* ViewController.swift in Sources */ = {isa = PBXBuildFile; fileRef = 3859F40A19A6702900AA902A /* ViewController.swift */; };
		3859F40E19A6702900AA902A /* Main.storyboard in Resources */ = {isa = PBXBuildFile; fileRef = 3859F40C19A6702900AA902A /* Main.storyboard */; };
		3859F41019A6702900AA902A /* Images.xcassets in Resources */ = {isa = PBXBuildFile; fileRef = 3859F40F19A6702900AA902A /* Images.xcassets */; };
		3859F41C19A6702900AA902A /* B19W5BeaconProjectTests.swift in Sources */ = {isa = PBXBuildFile; fileRef = 3859F41B19A6702900AA902A /* B19W5BeaconProjectTests.swift */; };
		3859F42619A6705300AA902A /* CoreLocation.framework in Frameworks */ = {isa = PBXBuildFile; fileRef = 3859F42519A6705300AA902A /* CoreLocation.framework */; };
		3859F42819A6705A00AA902A /* CoreBluetooth.framework in Frameworks */ = {isa = PBXBuildFile; fileRef = 3859F42719A6705A00AA902A /* CoreBluetooth.framework */; };
/* End PBXBuildFile section */

/* Begin PBXContainerItemProxy section */
		3859F41619A6702900AA902A /* PBXContainerItemProxy */ = {
			isa = PBXContainerItemProxy;
			containerPortal = 3859F3F819A6702900AA902A /* Project object */;
			proxyType = 1;
			remoteGlobalIDString = 3859F3FF19A6702900AA902A;
			remoteInfo = B19W5BeaconProject;
		};
/* End PBXContainerItemProxy section */

/* Begin PBXFileReference section */
		3859F40019A6702900AA902A /* B19W5BeaconProject.app */ = {isa = PBXFileReference; explicitFileType = wrapper.application; includeInIndex = 0; path = B19W5BeaconProject.app; sourceTree = BUILT_PRODUCTS_DIR; };
		3859F40419A6702900AA902A /* Info.plist */ = {isa = PBXFileReference; lastKnownFileType = text.plist.xml; path = Info.plist; sourceTree = "<group>"; };
		3859F40519A6702900AA902A /* AppDelegate.swift */ = {isa = PBXFileReference; lastKnownFileType = sourcecode.swift; path = AppDelegate.swift; sourceTree = "<group>"; };
		3859F40819A6702900AA902A /* B19W5BeaconProject.xcdatamodel */ = {isa = PBXFileReference; lastKnownFileType = wrapper.xcdatamodel; path = B19W5BeaconProject.xcdatamodel; sourceTree = "<group>"; };
		3859F40A19A6702900AA902A /* ViewController.swift */ = {isa = PBXFileReference; lastKnownFileType = sourcecode.swift; path = ViewController.swift; sourceTree = "<group>"; };
		3859F40D19A6702900AA902A /* Base */ = {isa = PBXFileReference; lastKnownFileType = file.storyboard; name = Base; path = Base.lproj/Main.storyboard; sourceTree = "<group>"; };
		3859F40F19A6702900AA902A /* Images.xcassets */ = {isa = PBXFileReference; lastKnownFileType = folder.assetcatalog; path = Images.xcassets; sourceTree = "<group>"; };
		3859F41519A6702900AA902A /* B19W5BeaconProjectTests.xctest */ = {isa = PBXFileReference; explicitFileType = wrapper.cfbundle; includeInIndex = 0; path = B19W5BeaconProjectTests.xctest; sourceTree = BUILT_PRODUCTS_DIR; };
		3859F41A19A6702900AA902A /* Info.plist */ = {isa = PBXFileReference; lastKnownFileType = text.plist.xml; path = Info.plist; sourceTree = "<group>"; };
		3859F41B19A6702900AA902A /* B19W5BeaconProjectTests.swift */ = {isa = PBXFileReference; lastKnownFileType = sourcecode.swift; path = B19W5BeaconProjectTests.swift; sourceTree = "<group>"; };
		3859F42519A6705300AA902A /* CoreLocation.framework */ = {isa = PBXFileReference; lastKnownFileType = wrapper.framework; name = CoreLocation.framework; path = System/Library/Frameworks/CoreLocation.framework; sourceTree = SDKROOT; };
		3859F42719A6705A00AA902A /* CoreBluetooth.framework */ = {isa = PBXFileReference; lastKnownFileType = wrapper.framework; name = CoreBluetooth.framework; path = System/Library/Frameworks/CoreBluetooth.framework; sourceTree = SDKROOT; };
/* End PBXFileReference section */

/* Begin PBXFrameworksBuildPhase section */
		3859F3FD19A6702900AA902A /* Frameworks */ = {
			isa = PBXFrameworksBuildPhase;
			buildActionMask = 2147483647;
			files = (
				3859F42819A6705A00AA902A /* CoreBluetooth.framework in Frameworks */,
				3859F42619A6705300AA902A /* CoreLocation.framework in Frameworks */,
			);
			runOnlyForDeploymentPostprocessing = 0;
		};
		3859F41219A6702900AA902A /* Frameworks */ = {
			isa = PBXFrameworksBuildPhase;
			buildActionMask = 2147483647;
			files = (
			);
			runOnlyForDeploymentPostprocessing = 0;
		};
/* End PBXFrameworksBuildPhase section */

/* Begin PBXGroup section */
		3859F3F719A6702900AA902A = {
			isa = PBXGroup;
			children = (
				3859F42719A6705A00AA902A /* CoreBluetooth.framework */,
				3859F42519A6705300AA902A /* CoreLocation.framework */,
				3859F40219A6702900AA902A /* B19W5BeaconProject */,
				3859F41819A6702900AA902A /* B19W5BeaconProjectTests */,
				3859F40119A6702900AA902A /* Products */,
			);
			sourceTree = "<group>";
		};
		3859F40119A6702900AA902A /* Products */ = {
			isa = PBXGroup;
			children = (
				3859F40019A6702900AA902A /* B19W5BeaconProject.app */,
				3859F41519A6702900AA902A /* B19W5BeaconProjectTests.xctest */,
			);
			name = Products;
			sourceTree = "<group>";
		};
		3859F40219A6702900AA902A /* B19W5BeaconProject */ = {
			isa = PBXGroup;
			children = (
				3859F40519A6702900AA902A /* AppDelegate.swift */,
				3859F40A19A6702900AA902A /* ViewController.swift */,
				3859F40C19A6702900AA902A /* Main.storyboard */,
				3859F40F19A6702900AA902A /* Images.xcassets */,
				3859F40719A6702900AA902A /* B19W5BeaconProject.xcdatamodeld */,
				3859F40319A6702900AA902A /* Supporting Files */,
			);
			path = B19W5BeaconProject;
			sourceTree = "<group>";
		};
		3859F40319A6702900AA902A /* Supporting Files */ = {
			isa = PBXGroup;
			children = (
				3859F40419A6702900AA902A /* Info.plist */,
			);
			name = "Supporting Files";
			sourceTree = "<group>";
		};
		3859F41819A6702900AA902A /* B19W5BeaconProjectTests */ = {
			isa = PBXGroup;
			children = (
				3859F41B19A6702900AA902A /* B19W5BeaconProjectTests.swift */,
				3859F41919A6702900AA902A /* Supporting Files */,
			);
			path = B19W5BeaconProjectTests;
			sourceTree = "<group>";
		};
		3859F41919A6702900AA902A /* Supporting Files */ = {
			isa = PBXGroup;
			children = (
				3859F41A19A6702900AA902A /* Info.plist */,
			);
			name = "Supporting Files";
			sourceTree = "<group>";
		};
/* End PBXGroup section */

/* Begin PBXNativeTarget section */
		3859F3FF19A6702900AA902A /* B19W5BeaconProject */ = {
			isa = PBXNativeTarget;
			buildConfigurationList = 3859F41F19A6702900AA902A /* Build configuration list for PBXNativeTarget "B19W5BeaconProject" */;
			buildPhases = (
				3859F3FC19A6702900AA902A /* Sources */,
				3859F3FD19A6702900AA902A /* Frameworks */,
				3859F3FE19A6702900AA902A /* Resources */,
			);
			buildRules = (
			);
			dependencies = (
			);
			name = B19W5BeaconProject;
			productName = B19W5BeaconProject;
			productReference = 3859F40019A6702900AA902A /* B19W5BeaconProject.app */;
			productType = "com.apple.product-type.application";
		};
		3859F41419A6702900AA902A /* B19W5BeaconProjectTests */ = {
			isa = PBXNativeTarget;
			buildConfigurationList = 3859F42219A6702900AA902A /* Build configuration list for PBXNativeTarget "B19W5BeaconProjectTests" */;
			buildPhases = (
				3859F41119A6702900AA902A /* Sources */,
				3859F41219A6702900AA902A /* Frameworks */,
				3859F41319A6702900AA902A /* Resources */,
			);
			buildRules = (
			);
			dependencies = (
				3859F41719A6702900AA902A /* PBXTargetDependency */,
			);
			name = B19W5BeaconProjectTests;
			productName = B19W5BeaconProjectTests;
			productReference = 3859F41519A6702900AA902A /* B19W5BeaconProjectTests.xctest */;
			productType = "com.apple.product-type.bundle.unit-test";
		};
/* End PBXNativeTarget section */

/* Begin PBXProject section */
		3859F3F819A6702900AA902A /* Project object */ = {
			isa = PBXProject;
			attributes = {
				LastUpgradeCheck = 0600;
				ORGANIZATIONNAME = "Leonardo Lee";
				TargetAttributes = {
					3859F3FF19A6702900AA902A = {
						CreatedOnToolsVersion = 6.0;
					};
					3859F41419A6702900AA902A = {
						CreatedOnToolsVersion = 6.0;
						TestTargetID = 3859F3FF19A6702900AA902A;
					};
				};
			};
			buildConfigurationList = 3859F3FB19A6702900AA902A /* Build configuration list for PBXProject "B19W5BeaconProject" */;
			compatibilityVersion = "Xcode 3.2";
			developmentRegion = English;
			hasScannedForEncodings = 0;
			knownRegions = (
				en,
				Base,
			);
			mainGroup = 3859F3F719A6702900AA902A;
			productRefGroup = 3859F40119A6702900AA902A /* Products */;
			projectDirPath = "";
			projectRoot = "";
			targets = (
				3859F3FF19A6702900AA902A /* B19W5BeaconProject */,
				3859F41419A6702900AA902A /* B19W5BeaconProjectTests */,
			);
		};
/* End PBXProject section */

/* Begin PBXResourcesBuildPhase section */
		3859F3FE19A6702900AA902A /* Resources */ = {
			isa = PBXResourcesBuildPhase;
			buildActionMask = 2147483647;
			files = (
				3859F40E19A6702900AA902A /* Main.storyboard in Resources */,
				3859F41019A6702900AA902A /* Images.xcassets in Resources */,
			);
			runOnlyForDeploymentPostprocessing = 0;
		};
		3859F41319A6702900AA902A /* Resources */ = {
			isa = PBXResourcesBuildPhase;
			buildActionMask = 2147483647;
			files = (
			);
			runOnlyForDeploymentPostprocessing = 0;
		};
/* End PBXResourcesBuildPhase section */

/* Begin PBXSourcesBuildPhase section */
		3859F3FC19A6702900AA902A /* Sources */ = {
			isa = PBXSourcesBuildPhase;
			buildActionMask = 2147483647;
			files = (
				3859F40B19A6702900AA902A /* ViewController.swift in Sources */,
				3859F40919A6702900AA902A /* B19W5BeaconProject.xcdatamodeld in Sources */,
				3859F40619A6702900AA902A /* AppDelegate.swift in Sources */,
			);
			runOnlyForDeploymentPostprocessing = 0;
		};
		3859F41119A6702900AA902A /* Sources */ = {
			isa = PBXSourcesBuildPhase;
			buildActionMask = 2147483647;
			files = (
				3859F41C19A6702900AA902A /* B19W5BeaconProjectTests.swift in Sources */,
			);
			runOnlyForDeploymentPostprocessing = 0;
		};
/* End PBXSourcesBuildPhase section */

/* Begin PBXTargetDependency section */
		3859F41719A6702900AA902A /* PBXTargetDependency */ = {
			isa = PBXTargetDependency;
			target = 3859F3FF19A6702900AA902A /* B19W5BeaconProject */;
			targetProxy = 3859F41619A6702900AA902A /* PBXContainerItemProxy */;
		};
/* End PBXTargetDependency section */

/* Begin PBXVariantGroup section */
		3859F40C19A6702900AA902A /* Main.storyboard */ = {
			isa = PBXVariantGroup;
			children = (
				3859F40D19A6702900AA902A /* Base */,
			);
			name = Main.storyboard;
			sourceTree = "<group>";
		};
/* End PBXVariantGroup section */

/* Begin XCBuildConfiguration section */
		3859F41D19A6702900AA902A /* Debug */ = {
			isa = XCBuildConfiguration;
			buildSettings = {
				ALWAYS_SEARCH_USER_PATHS = NO;
				CLANG_CXX_LANGUAGE_STANDARD = "gnu++0x";
				CLANG_CXX_LIBRARY = "libc++";
				CLANG_ENABLE_MODULES = YES;
				CLANG_ENABLE_OBJC_ARC = YES;
				CLANG_WARN_BOOL_CONVERSION = YES;
				CLANG_WARN_CONSTANT_CONVERSION = YES;
				CLANG_WARN_DIRECT_OBJC_ISA_USAGE = YES_ERROR;
				CLANG_WARN_EMPTY_BODY = YES;
				CLANG_WARN_ENUM_CONVERSION = YES;
				CLANG_WARN_INT_CONVERSION = YES;
				CLANG_WARN_OBJC_ROOT_CLASS = YES_ERROR;
				CLANG_WARN_UNREACHABLE_CODE = YES;
				CLANG_WARN__DUPLICATE_METHOD_MATCH = YES;
				"CODE_SIGN_IDENTITY[sdk=iphoneos*]" = "iPhone Developer";
				COPY_PHASE_STRIP = NO;
				ENABLE_STRICT_OBJC_MSGSEND = YES;
				GCC_C_LANGUAGE_STANDARD = gnu99;
				GCC_DYNAMIC_NO_PIC = NO;
				GCC_OPTIMIZATION_LEVEL = 0;
				GCC_PREPROCESSOR_DEFINITIONS = (
					"DEBUG=1",
					"$(inherited)",
				);
				GCC_SYMBOLS_PRIVATE_EXTERN = NO;
				GCC_WARN_64_TO_32_BIT_CONVERSION = YES;
				GCC_WARN_ABOUT_RETURN_TYPE = YES_ERROR;
				GCC_WARN_UNDECLARED_SELECTOR = YES;
				GCC_WARN_UNINITIALIZED_AUTOS = YES_AGGRESSIVE;
				GCC_WARN_UNUSED_FUNCTION = YES;
				GCC_WARN_UNUSED_VARIABLE = YES;
				IPHONEOS_DEPLOYMENT_TARGET = 8.0;
				MTL_ENABLE_DEBUG_INFO = YES;
				ONLY_ACTIVE_ARCH = YES;
				SDKROOT = iphoneos;
				SWIFT_OPTIMIZATION_LEVEL = "-Onone";
				TARGETED_DEVICE_FAMILY = "1,2";
			};
			name = Debug;
		};
		3859F41E19A6702900AA902A /* Release */ = {
			isa = XCBuildConfiguration;
			buildSettings = {
				ALWAYS_SEARCH_USER_PATHS = NO;
				CLANG_CXX_LANGUAGE_STANDARD = "gnu++0x";
				CLANG_CXX_LIBRARY = "libc++";
				CLANG_ENABLE_MODULES = YES;
				CLANG_ENABLE_OBJC_ARC = YES;
				CLANG_WARN_BOOL_CONVERSION = YES;
				CLANG_WARN_CONSTANT_CONVERSION = YES;
				CLANG_WARN_DIRECT_OBJC_ISA_USAGE = YES_ERROR;
				CLANG_WARN_EMPTY_BODY = YES;
				CLANG_WARN_ENUM_CONVERSION = YES;
				CLANG_WARN_INT_CONVERSION = YES;
				CLANG_WARN_OBJC_ROOT_CLASS = YES_ERROR;
				CLANG_WARN_UNREACHABLE_CODE = YES;
				CLANG_WARN__DUPLICATE_METHOD_MATCH = YES;
				"CODE_SIGN_IDENTITY[sdk=iphoneos*]" = "iPhone Developer";
				COPY_PHASE_STRIP = YES;
				ENABLE_NS_ASSERTIONS = NO;
				ENABLE_STRICT_OBJC_MSGSEND = YES;
				GCC_C_LANGUAGE_STANDARD = gnu99;
				GCC_WARN_64_TO_32_BIT_CONVERSION = YES;
				GCC_WARN_ABOUT_RETURN_TYPE = YES_ERROR;
				GCC_WARN_UNDECLARED_SELECTOR = YES;
				GCC_WARN_UNINITIALIZED_AUTOS = YES_AGGRESSIVE;
				GCC_WARN_UNUSED_FUNCTION = YES;
				GCC_WARN_UNUSED_VARIABLE = YES;
				IPHONEOS_DEPLOYMENT_TARGET = 8.0;
				MTL_ENABLE_DEBUG_INFO = NO;
				SDKROOT = iphoneos;
				TARGETED_DEVICE_FAMILY = "1,2";
				VALIDATE_PRODUCT = YES;
			};
			name = Release;
		};
		3859F42019A6702900AA902A /* Debug */ = {
			isa = XCBuildConfiguration;
			buildSettings = {
				ASSETCATALOG_COMPILER_APPICON_NAME = AppIcon;
				ASSETCATALOG_COMPILER_LAUNCHIMAGE_NAME = LaunchImage;
				INFOPLIST_FILE = B19W5BeaconProject/Info.plist;
				LD_RUNPATH_SEARCH_PATHS = "$(inherited) @executable_path/Frameworks";
				PRODUCT_NAME = "$(TARGET_NAME)";
			};
			name = Debug;
		};
		3859F42119A6702900AA902A /* Release */ = {
			isa = XCBuildConfiguration;
			buildSettings = {
				ASSETCATALOG_COMPILER_APPICON_NAME = AppIcon;
				ASSETCATALOG_COMPILER_LAUNCHIMAGE_NAME = LaunchImage;
				INFOPLIST_FILE = B19W5BeaconProject/Info.plist;
				LD_RUNPATH_SEARCH_PATHS = "$(inherited) @executable_path/Frameworks";
				PRODUCT_NAME = "$(TARGET_NAME)";
			};
			name = Release;
		};
		3859F42319A6702900AA902A /* Debug */ = {
			isa = XCBuildConfiguration;
			buildSettings = {
				BUNDLE_LOADER = "$(TEST_HOST)";
				FRAMEWORK_SEARCH_PATHS = (
					"$(SDKROOT)/Developer/Library/Frameworks",
					"$(inherited)",
				);
				GCC_PREPROCESSOR_DEFINITIONS = (
					"DEBUG=1",
					"$(inherited)",
				);
				INFOPLIST_FILE = B19W5BeaconProjectTests/Info.plist;
				LD_RUNPATH_SEARCH_PATHS = "$(inherited) @executable_path/Frameworks @loader_path/Frameworks";
				PRODUCT_NAME = "$(TARGET_NAME)";
				TEST_HOST = "$(BUILT_PRODUCTS_DIR)/B19W5BeaconProject.app/B19W5BeaconProject";
			};
			name = Debug;
		};
		3859F42419A6702900AA902A /* Release */ = {
			isa = XCBuildConfiguration;
			buildSettings = {
				BUNDLE_LOADER = "$(TEST_HOST)";
				FRAMEWORK_SEARCH_PATHS = (
					"$(SDKROOT)/Developer/Library/Frameworks",
					"$(inherited)",
				);
				INFOPLIST_FILE = B19W5BeaconProjectTests/Info.plist;
				LD_RUNPATH_SEARCH_PATHS = "$(inherited) @executable_path/Frameworks @loader_path/Frameworks";
				PRODUCT_NAME = "$(TARGET_NAME)";
				TEST_HOST = "$(BUILT_PRODUCTS_DIR)/B19W5BeaconProject.app/B19W5BeaconProject";
			};
			name = Release;
		};
/* End XCBuildConfiguration section */

/* Begin XCConfigurationList section */
		3859F3FB19A6702900AA902A /* Build configuration list for PBXProject "B19W5BeaconProject" */ = {
			isa = XCConfigurationList;
			buildConfigurations = (
				3859F41D19A6702900AA902A /* Debug */,
				3859F41E19A6702900AA902A /* Release */,
			);
			defaultConfigurationIsVisible = 0;
			defaultConfigurationName = Release;
		};
		3859F41F19A6702900AA902A /* Build configuration list for PBXNativeTarget "B19W5BeaconProject" */ = {
			isa = XCConfigurationList;
			buildConfigurations = (
				3859F42019A6702900AA902A /* Debug */,
				3859F42119A6702900AA902A /* Release */,
			);
			defaultConfigurationIsVisible = 0;
		};
		3859F42219A6702900AA902A /* Build configuration list for PBXNativeTarget "B19W5BeaconProjectTests" */ = {
			isa = XCConfigurationList;
			buildConfigurations = (
				3859F42319A6702900AA902A /* Debug */,
				3859F42419A6702900AA902A /* Release */,
			);
			defaultConfigurationIsVisible = 0;
		};
/* End XCConfigurationList section */

/* Begin XCVersionGroup section */
		3859F40719A6702900AA902A /* B19W5BeaconProject.xcdatamodeld */ = {
			isa = XCVersionGroup;
			children = (
				3859F40819A6702900AA902A /* B19W5BeaconProject.xcdatamodel */,
			);
			currentVersion = 3859F40819A6702900AA902A /* B19W5BeaconProject.xcdatamodel */;
			path = B19W5BeaconProject.xcdatamodeld;
			sourceTree = "<group>";
			versionGroupType = wrapper.xcdatamodel;
		};
/* End XCVersionGroup section */
	};
	rootObject = 3859F3F819A6702900AA902A /* Project object */;
}
